
Microsoft Visual Studio Solution File, Format Version 12.00
# Visual Studio Version 16
VisualStudioVersion = 25.0.1704.0
MinimumVisualStudioVersion = 10.0.40219.1
Project("{FAE04EC0-301F-11D3-BF4B-00C04F79EFBC}") = "Interview", "Interview.csproj", "{44192774-EEFC-40B6-92E5-76AF76EB572F}"
EndProject
Global
	GlobalSection(SolutionConfigurationPlatforms) = preSolution
		Debug|Any CPU = Debug|Any CPU
		Release|Any CPU = Release|Any CPU
	EndGlobalSection
	GlobalSection(ProjectConfigurationPlatforms) = postSolution
		{44192774-EEFC-40B6-92E5-76AF76EB572F}.Debug|Any CPU.ActiveCfg = Debug|Any CPU
		{44192774-EEFC-40B6-92E5-76AF76EB572F}.Debug|Any CPU.Build.0 = Debug|Any CPU
		{44192774-EEFC-40B6-92E5-76AF76EB572F}.Release|Any CPU.ActiveCfg = Release|Any CPU
		{44192774-EEFC-40B6-92E5-76AF76EB572F}.Release|Any CPU.Build.0 = Release|Any CPU
	EndGlobalSection
	GlobalSection(SolutionProperties) = preSolution
		HideSolutionNode = FALSE
	EndGlobalSection
	GlobalSection(ExtensibilityGlobals) = postSolution
		SolutionGuid = {99BD9497-4FDA-4654-878B-99AF4F6BA0B3}
	EndGlobalSection
EndGlobal
